
Microsoft Visual Studio Solution File, Format Version 12.00
Project("{FAE04EC0-301F-11D3-BF4B-00C04F79EFBC}") = "JuniorMeetup.Demo", "JuniorMeetup.Demo\JuniorMeetup.Demo.csproj", "{777F0AE9-DD64-4FFB-B2C2-164CD1CD3FEA}"
EndProject
Global
	GlobalSection(SolutionConfigurationPlatforms) = preSolution
		Debug|Any CPU = Debug|Any CPU
		Release|Any CPU = Release|Any CPU
	EndGlobalSection
	GlobalSection(ProjectConfigurationPlatforms) = postSolution
		{777F0AE9-DD64-4FFB-B2C2-164CD1CD3FEA}.Debug|Any CPU.ActiveCfg = Debug|Any CPU
		{777F0AE9-DD64-4FFB-B2C2-164CD1CD3FEA}.Debug|Any CPU.Build.0 = Debug|Any CPU
		{777F0AE9-DD64-4FFB-B2C2-164CD1CD3FEA}.Release|Any CPU.ActiveCfg = Release|Any CPU
		{777F0AE9-DD64-4FFB-B2C2-164CD1CD3FEA}.Release|Any CPU.Build.0 = Release|Any CPU
	EndGlobalSection
EndGlobal
